<?xml version="1.0" encoding="UTF-8" standalone="yes" ?>
<CodeBlocks_project_file>
	<FileVersion major="1" minor="6" />
	<Project>
		<Option title="GestionElOasis" />
		<Option pch_mode="2" />
		<Option compiler="gcc" />
		<Build>
			<Target title="Debug">
				<Option output="bin/Debug/GestionElOasis" prefix_auto="1" extension_auto="1" />
				<Option object_output="obj/Debug/" />
				<Option type="1" />
				<Option compiler="gcc" />
				<Compiler>
					<Add option="-g" />
				</Compiler>
			</Target>
			<Target title="Release">
				<Option output="bin/Release/GestionElOasis" prefix_auto="1" extension_auto="1" />
				<Option object_output="obj/Release/" />
				<Option type="1" />
				<Option compiler="gcc" />
				<Compiler>
					<Add option="-O2" />
				</Compiler>
				<Linker>
					<Add option="-s" />
				</Linker>
			</Target>
		</Build>
		<Compiler>
			<Add option="-Wall" />
		</Compiler>
		<Unit filename="ArchivoArticulo.cpp" />
		<Unit filename="ArchivoArticulo.h" />
		<Unit filename="Articulo.cpp" />
		<Unit filename="Articulo.h" />
		<Unit filename="archivoVenta.cpp" />
		<Unit filename="archivoVenta.h" />
		<Unit filename="archivoclientes.cpp" />
		<Unit filename="archivoclientes.h" />
		<Unit filename="cliente.cpp" />
		<Unit filename="cliente.h" />
		<Unit filename="direccion.cpp" />
		<Unit filename="direcion.h" />
		<Unit filename="fecha.cpp" />
		<Unit filename="fecha.h" />
		<Unit filename="funcionesImpresion.cpp" />
		<Unit filename="funcionesImpresion.h" />
		<Unit filename="globales.cpp" />
		<Unit filename="globales.h" />
		<Unit filename="main.cpp" />
		<Unit filename="persona.cpp" />
		<Unit filename="persona.h" />
		<Unit filename="venta.cpp" />
		<Unit filename="venta.h" />
		<Extensions />
	</Project>
</CodeBlocks_project_file>
